Microsoft Visual Studio Solution File, Format Version 12.00
# Visual Studio Version 17
VisualStudioVersion = 17.5.2.0
MinimumVisualStudioVersion = 10.0.40219.1
Project("{FAE04EC0-301F-11D3-BF4B-00C04F79EFBC}") = "Ex_02_03", "Ex_02_03\Ex_02_03.csproj", "{B2D398D1-EDE7-1456-1AAD-D59CB4426503}"
EndProject
Project("{FAE04EC0-301F-11D3-BF4B-00C04F79EFBC}") = "Ex_03_05", "Ex_03_05\Ex_03_05.csproj", "{E7E6CA72-7077-027D-8E7D-2D53041B3252}"
EndProject
Project("{FAE04EC0-301F-11D3-BF4B-00C04F79EFBC}") = "Ex_02_12", "Ex_02_12\Ex_02_12.csproj", "{AEFF87B4-A612-7C88-CF32-C803EDB3C77E}"
EndProject
Project("{FAE04EC0-301F-11D3-BF4B-00C04F79EFBC}") = "Ex_02_09", "Ex_02_09\Ex_02_09.csproj", "{456FB3AC-3039-43C3-761C-983399463CF4}"
EndProject
Project("{FAE04EC0-301F-11D3-BF4B-00C04F79EFBC}") = "Ex_02_10", "Ex_02_10\Ex_02_10.csproj", "{7D0CB009-366A-7A4C-9BF1-3CF377C9853C}"
EndProject
Project("{FAE04EC0-301F-11D3-BF4B-00C04F79EFBC}") = "Ex_02_07", "Ex_02_07\Ex_02_07.csproj", "{4599D664-A50F-F10D-0A47-E2E512499A8F}"
EndProject
Project("{FAE04EC0-301F-11D3-BF4B-00C04F79EFBC}") = "Ex_02_01", "Ex_02_01\Ex_02_01.csproj", "{6BEA640A-D3D4-C4E4-C7C7-6CBD2D8991A0}"
EndProject
Project("{FAE04EC0-301F-11D3-BF4B-00C04F79EFBC}") = "Ex_02_11", "Ex_02_11\Ex_02_11.csproj", "{780E45EB-3240-9620-F68F-3BE1086C5A19}"
EndProject
Project("{FAE04EC0-301F-11D3-BF4B-00C04F79EFBC}") = "Company", "Company\Company.csproj", "{4196B3F5-B92C-8081-9E8B-66291FD0699A}"
EndProject
Project("{FAE04EC0-301F-11D3-BF4B-00C04F79EFBC}") = "Example", "Example\Example.csproj", "{A0FC842C-5103-E242-CA0E-06B13ABAA9ED}"
EndProject
Project("{FAE04EC0-301F-11D3-BF4B-00C04F79EFBC}") = "Ex_02_02", "Ex_02_02\Ex_02_02.csproj", "{23D9A5BF-74B5-2910-DA77-43227D37AF0C}"
EndProject
Project("{FAE04EC0-301F-11D3-BF4B-00C04F79EFBC}") = "Ex_02_05", "Ex_02_05\Ex_02_05.csproj", "{21016F2D-C625-C3C7-3DF7-968023E386D7}"
EndProject
Project("{FAE04EC0-301F-11D3-BF4B-00C04F79EFBC}") = "Ex_03_03", "Ex_03_03\Ex_03_03.csproj", "{21248430-F21E-BE67-71E3-53BFDC833B96}"
EndProject
Project("{FAE04EC0-301F-11D3-BF4B-00C04F79EFBC}") = "Ex_03_01", "Ex_03_01\Ex_03_01.csproj", "{A52E072E-AF4B-90B2-6B02-3915D64FE484}"
EndProject
Project("{FAE04EC0-301F-11D3-BF4B-00C04F79EFBC}") = "Ex_02_06", "Ex_02_06\Ex_02_06.csproj", "{8AADD969-5395-C12E-E1DC-5222B8F138D8}"
EndProject
Project("{FAE04EC0-301F-11D3-BF4B-00C04F79EFBC}") = "Ex_02_08", "Ex_02_08\Ex_02_08.csproj", "{D2F585EB-603A-F459-A037-13C4ED6D2127}"
EndProject
Project("{FAE04EC0-301F-11D3-BF4B-00C04F79EFBC}") = "Ex_02_04", "Ex_02_04\Ex_02_04.csproj", "{FB101CF3-3E61-F78E-EDD5-7BA332135463}"
EndProject
Project("{FAE04EC0-301F-11D3-BF4B-00C04F79EFBC}") = "Ex_03_06", "Ex_03_06\Ex_03_06.csproj", "{FA8A0DEA-C017-8AC3-CD79-0481D979176F}"
EndProject
Project("{FAE04EC0-301F-11D3-BF4B-00C04F79EFBC}") = "Ex_03_07", "Ex_03_07\Ex_03_07.csproj", "{9C52CC26-E5D6-D4E7-DBBD-F236753C5B39}"
EndProject
Project("{FAE04EC0-301F-11D3-BF4B-00C04F79EFBC}") = "Ex_03_04", "Ex_03_04\Ex_03_04.csproj", "{4E871E3C-14E3-374C-1059-14E29282FCA6}"
EndProject
Project("{FAE04EC0-301F-11D3-BF4B-00C04F79EFBC}") = "Ex_03_02", "Ex_03_02\Ex_03_02.csproj", "{60475D77-97B9-2DBB-A489-4F40E20C807E}"
EndProject
Project("{FAE04EC0-301F-11D3-BF4B-00C04F79EFBC}") = "Ex_03_08", "Ex_03_08\Ex_03_08.csproj", "{59ADB03F-7CE8-9852-3D25-3C4E254DE7AC}"
EndProject
Global
	GlobalSection(SolutionConfigurationPlatforms) = preSolution
		Debug|Any CPU = Debug|Any CPU
		Release|Any CPU = Release|Any CPU
	EndGlobalSection
	GlobalSection(ProjectConfigurationPlatforms) = postSolution
		{B2D398D1-EDE7-1456-1AAD-D59CB4426503}.Debug|Any CPU.ActiveCfg = Debug|Any CPU
		{B2D398D1-EDE7-1456-1AAD-D59CB4426503}.Debug|Any CPU.Build.0 = Debug|Any CPU
		{B2D398D1-EDE7-1456-1AAD-D59CB4426503}.Release|Any CPU.ActiveCfg = Release|Any CPU
		{B2D398D1-EDE7-1456-1AAD-D59CB4426503}.Release|Any CPU.Build.0 = Release|Any CPU
		{E7E6CA72-7077-027D-8E7D-2D53041B3252}.Debug|Any CPU.ActiveCfg = Debug|Any CPU
		{E7E6CA72-7077-027D-8E7D-2D53041B3252}.Debug|Any CPU.Build.0 = Debug|Any CPU
		{E7E6CA72-7077-027D-8E7D-2D53041B3252}.Release|Any CPU.ActiveCfg = Release|Any CPU
		{E7E6CA72-7077-027D-8E7D-2D53041B3252}.Release|Any CPU.Build.0 = Release|Any CPU
		{AEFF87B4-A612-7C88-CF32-C803EDB3C77E}.Debug|Any CPU.ActiveCfg = Debug|Any CPU
		{AEFF87B4-A612-7C88-CF32-C803EDB3C77E}.Debug|Any CPU.Build.0 = Debug|Any CPU
		{AEFF87B4-A612-7C88-CF32-C803EDB3C77E}.Release|Any CPU.ActiveCfg = Release|Any CPU
		{AEFF87B4-A612-7C88-CF32-C803EDB3C77E}.Release|Any CPU.Build.0 = Release|Any CPU
		{456FB3AC-3039-43C3-761C-983399463CF4}.Debug|Any CPU.ActiveCfg = Debug|Any CPU
		{456FB3AC-3039-43C3-761C-983399463CF4}.Debug|Any CPU.Build.0 = Debug|Any CPU
		{456FB3AC-3039-43C3-761C-983399463CF4}.Release|Any CPU.ActiveCfg = Release|Any CPU
		{456FB3AC-3039-43C3-761C-983399463CF4}.Release|Any CPU.Build.0 = Release|Any CPU
		{7D0CB009-366A-7A4C-9BF1-3CF377C9853C}.Debug|Any CPU.ActiveCfg = Debug|Any CPU
		{7D0CB009-366A-7A4C-9BF1-3CF377C9853C}.Debug|Any CPU.Build.0 = Debug|Any CPU
		{7D0CB009-366A-7A4C-9BF1-3CF377C9853C}.Release|Any CPU.ActiveCfg = Release|Any CPU
		{7D0CB009-366A-7A4C-9BF1-3CF377C9853C}.Release|Any CPU.Build.0 = Release|Any CPU
		{4599D664-A50F-F10D-0A47-E2E512499A8F}.Debug|Any CPU.ActiveCfg = Debug|Any CPU
		{4599D664-A50F-F10D-0A47-E2E512499A8F}.Debug|Any CPU.Build.0 = Debug|Any CPU
		{4599D664-A50F-F10D-0A47-E2E512499A8F}.Release|Any CPU.ActiveCfg = Release|Any CPU
		{4599D664-A50F-F10D-0A47-E2E512499A8F}.Release|Any CPU.Build.0 = Release|Any CPU
		{6BEA640A-D3D4-C4E4-C7C7-6CBD2D8991A0}.Debug|Any CPU.ActiveCfg = Debug|Any CPU
		{6BEA640A-D3D4-C4E4-C7C7-6CBD2D8991A0}.Debug|Any CPU.Build.0 = Debug|Any CPU
		{6BEA640A-D3D4-C4E4-C7C7-6CBD2D8991A0}.Release|Any CPU.ActiveCfg = Release|Any CPU
		{6BEA640A-D3D4-C4E4-C7C7-6CBD2D8991A0}.Release|Any CPU.Build.0 = Release|Any CPU
		{780E45EB-3240-9620-F68F-3BE1086C5A19}.Debug|Any CPU.ActiveCfg = Debug|Any CPU
		{780E45EB-3240-9620-F68F-3BE1086C5A19}.Debug|Any CPU.Build.0 = Debug|Any CPU
		{780E45EB-3240-9620-F68F-3BE1086C5A19}.Release|Any CPU.ActiveCfg = Release|Any CPU
		{780E45EB-3240-9620-F68F-3BE1086C5A19}.Release|Any CPU.Build.0 = Release|Any CPU
		{4196B3F5-B92C-8081-9E8B-66291FD0699A}.Debug|Any CPU.ActiveCfg = Debug|Any CPU
		{4196B3F5-B92C-8081-9E8B-66291FD0699A}.Debug|Any CPU.Build.0 = Debug|Any CPU
		{4196B3F5-B92C-8081-9E8B-66291FD0699A}.Release|Any CPU.ActiveCfg = Release|Any CPU
		{4196B3F5-B92C-8081-9E8B-66291FD0699A}.Release|Any CPU.Build.0 = Release|Any CPU
		{A0FC842C-5103-E242-CA0E-06B13ABAA9ED}.Debug|Any CPU.ActiveCfg = Debug|Any CPU
		{A0FC842C-5103-E242-CA0E-06B13ABAA9ED}.Debug|Any CPU.Build.0 = Debug|Any CPU
		{A0FC842C-5103-E242-CA0E-06B13ABAA9ED}.Release|Any CPU.ActiveCfg = Release|Any CPU
		{A0FC842C-5103-E242-CA0E-06B13ABAA9ED}.Release|Any CPU.Build.0 = Release|Any CPU
		{23D9A5BF-74B5-2910-DA77-43227D37AF0C}.Debug|Any CPU.ActiveCfg = Debug|Any CPU
		{23D9A5BF-74B5-2910-DA77-43227D37AF0C}.Debug|Any CPU.Build.0 = Debug|Any CPU
		{23D9A5BF-74B5-2910-DA77-43227D37AF0C}.Release|Any CPU.ActiveCfg = Release|Any CPU
		{23D9A5BF-74B5-2910-DA77-43227D37AF0C}.Release|Any CPU.Build.0 = Release|Any CPU
		{21016F2D-C625-C3C7-3DF7-968023E386D7}.Debug|Any CPU.ActiveCfg = Debug|Any CPU
		{21016F2D-C625-C3C7-3DF7-968023E386D7}.Debug|Any CPU.Build.0 = Debug|Any CPU
		{21016F2D-C625-C3C7-3DF7-968023E386D7}.Release|Any CPU.ActiveCfg = Release|Any CPU
		{21016F2D-C625-C3C7-3DF7-968023E386D7}.Release|Any CPU.Build.0 = Release|Any CPU
		{21248430-F21E-BE67-71E3-53BFDC833B96}.Debug|Any CPU.ActiveCfg = Debug|Any CPU
		{21248430-F21E-BE67-71E3-53BFDC833B96}.Debug|Any CPU.Build.0 = Debug|Any CPU
		{21248430-F21E-BE67-71E3-53BFDC833B96}.Release|Any CPU.ActiveCfg = Release|Any CPU
		{21248430-F21E-BE67-71E3-53BFDC833B96}.Release|Any CPU.Build.0 = Release|Any CPU
		{A52E072E-AF4B-90B2-6B02-3915D64FE484}.Debug|Any CPU.ActiveCfg = Debug|Any CPU
		{A52E072E-AF4B-90B2-6B02-3915D64FE484}.Debug|Any CPU.Build.0 = Debug|Any CPU
		{A52E072E-AF4B-90B2-6B02-3915D64FE484}.Release|Any CPU.ActiveCfg = Release|Any CPU
		{A52E072E-AF4B-90B2-6B02-3915D64FE484}.Release|Any CPU.Build.0 = Release|Any CPU
		{8AADD969-5395-C12E-E1DC-5222B8F138D8}.Debug|Any CPU.ActiveCfg = Debug|Any CPU
		{8AADD969-5395-C12E-E1DC-5222B8F138D8}.Debug|Any CPU.Build.0 = Debug|Any CPU
		{8AADD969-5395-C12E-E1DC-5222B8F138D8}.Release|Any CPU.ActiveCfg = Release|Any CPU
		{8AADD969-5395-C12E-E1DC-5222B8F138D8}.Release|Any CPU.Build.0 = Release|Any CPU
		{D2F585EB-603A-F459-A037-13C4ED6D2127}.Debug|Any CPU.ActiveCfg = Debug|Any CPU
		{D2F585EB-603A-F459-A037-13C4ED6D2127}.Debug|Any CPU.Build.0 = Debug|Any CPU
		{D2F585EB-603A-F459-A037-13C4ED6D2127}.Release|Any CPU.ActiveCfg = Release|Any CPU
		{D2F585EB-603A-F459-A037-13C4ED6D2127}.Release|Any CPU.Build.0 = Release|Any CPU
		{FB101CF3-3E61-F78E-EDD5-7BA332135463}.Debug|Any CPU.ActiveCfg = Debug|Any CPU
		{FB101CF3-3E61-F78E-EDD5-7BA332135463}.Debug|Any CPU.Build.0 = Debug|Any CPU
		{FB101CF3-3E61-F78E-EDD5-7BA332135463}.Release|Any CPU.ActiveCfg = Release|Any CPU
		{FB101CF3-3E61-F78E-EDD5-7BA332135463}.Release|Any CPU.Build.0 = Release|Any CPU
		{FA8A0DEA-C017-8AC3-CD79-0481D979176F}.Debug|Any CPU.ActiveCfg = Debug|Any CPU
		{FA8A0DEA-C017-8AC3-CD79-0481D979176F}.Debug|Any CPU.Build.0 = Debug|Any CPU
		{FA8A0DEA-C017-8AC3-CD79-0481D979176F}.Release|Any CPU.ActiveCfg = Release|Any CPU
		{FA8A0DEA-C017-8AC3-CD79-0481D979176F}.Release|Any CPU.Build.0 = Release|Any CPU
		{9C52CC26-E5D6-D4E7-DBBD-F236753C5B39}.Debug|Any CPU.ActiveCfg = Debug|Any CPU
		{9C52CC26-E5D6-D4E7-DBBD-F236753C5B39}.Debug|Any CPU.Build.0 = Debug|Any CPU
		{9C52CC26-E5D6-D4E7-DBBD-F236753C5B39}.Release|Any CPU.ActiveCfg = Release|Any CPU
		{9C52CC26-E5D6-D4E7-DBBD-F236753C5B39}.Release|Any CPU.Build.0 = Release|Any CPU
		{4E871E3C-14E3-374C-1059-14E29282FCA6}.Debug|Any CPU.ActiveCfg = Debug|Any CPU
		{4E871E3C-14E3-374C-1059-14E29282FCA6}.Debug|Any CPU.Build.0 = Debug|Any CPU
		{4E871E3C-14E3-374C-1059-14E29282FCA6}.Release|Any CPU.ActiveCfg = Release|Any CPU
		{4E871E3C-14E3-374C-1059-14E29282FCA6}.Release|Any CPU.Build.0 = Release|Any CPU
		{60475D77-97B9-2DBB-A489-4F40E20C807E}.Debug|Any CPU.ActiveCfg = Debug|Any CPU
		{60475D77-97B9-2DBB-A489-4F40E20C807E}.Debug|Any CPU.Build.0 = Debug|Any CPU
		{60475D77-97B9-2DBB-A489-4F40E20C807E}.Release|Any CPU.ActiveCfg = Release|Any CPU
		{60475D77-97B9-2DBB-A489-4F40E20C807E}.Release|Any CPU.Build.0 = Release|Any CPU
		{59ADB03F-7CE8-9852-3D25-3C4E254DE7AC}.Debug|Any CPU.ActiveCfg = Debug|Any CPU
		{59ADB03F-7CE8-9852-3D25-3C4E254DE7AC}.Debug|Any CPU.Build.0 = Debug|Any CPU
		{59ADB03F-7CE8-9852-3D25-3C4E254DE7AC}.Release|Any CPU.ActiveCfg = Release|Any CPU
		{59ADB03F-7CE8-9852-3D25-3C4E254DE7AC}.Release|Any CPU.Build.0 = Release|Any CPU
	EndGlobalSection
	GlobalSection(SolutionProperties) = preSolution
		HideSolutionNode = FALSE
	EndGlobalSection
	GlobalSection(ExtensibilityGlobals) = postSolution
		SolutionGuid = {AA6AA71C-72D6-445E-88ED-07B81E7F7D1A}
	EndGlobalSection
EndGlobal
